
Microsoft Visual Studio Solution File, Format Version 12.00
# Visual Studio Version 17
VisualStudioVersion = 17.0.31912.275
MinimumVisualStudioVersion = 10.0.40219.1
Project("{8BC9CEB8-8B4A-11D0-8D11-00A0C91BC942}") = "Chip8 Emulator", "Chip8 Emulator.vcxproj", "{C8CEE775-5DE2-473F-90A7-6434089FA3AB}"
EndProject
Global
	GlobalSection(SolutionConfigurationPlatforms) = preSolution
		Debug|x64 = Debug|x64
		Debug|x86 = Debug|x86
		Release|x64 = Release|x64
		Release|x86 = Release|x86
	EndGlobalSection
	GlobalSection(ProjectConfigurationPlatforms) = postSolution
		{C8CEE775-5DE2-473F-90A7-6434089FA3AB}.Debug|x64.ActiveCfg = Debug|Win32
		{C8CEE775-5DE2-473F-90A7-6434089FA3AB}.Debug|x64.Build.0 = Debug|Win32
		{C8CEE775-5DE2-473F-90A7-6434089FA3AB}.Debug|x86.ActiveCfg = Debug|Win32
		{C8CEE775-5DE2-473F-90A7-6434089FA3AB}.Debug|x86.Build.0 = Debug|Win32
		{C8CEE775-5DE2-473F-90A7-6434089FA3AB}.Release|x64.ActiveCfg = Release|x64
		{C8CEE775-5DE2-473F-90A7-6434089FA3AB}.Release|x64.Build.0 = Release|x64
		{C8CEE775-5DE2-473F-90A7-6434089FA3AB}.Release|x86.ActiveCfg = Release|Win32
		{C8CEE775-5DE2-473F-90A7-6434089FA3AB}.Release|x86.Build.0 = Release|Win32
	EndGlobalSection
	GlobalSection(SolutionProperties) = preSolution
		HideSolutionNode = FALSE
	EndGlobalSection
	GlobalSection(ExtensibilityGlobals) = postSolution
		SolutionGuid = {2ED8DAB3-8380-43B5-9BA6-7E4EFB673B66}
	EndGlobalSection
EndGlobal
